
Microsoft Visual Studio Solution File, Format Version 12.00
# Visual Studio Version 17
VisualStudioVersion = 17.7.34018.315
MinimumVisualStudioVersion = 10.0.40219.1
Project("{FAE04EC0-301F-11D3-BF4B-00C04F79EFBC}") = "YungChing", "YungChing\YungChing.csproj", "{062B5723-4AB5-4261-A262-DB40476883FF}"
EndProject
Project("{FAE04EC0-301F-11D3-BF4B-00C04F79EFBC}") = "TestProject", "TestProject\TestProject.csproj", "{FBAEAE58-DA4B-44D3-85C8-896ED71B3603}"
EndProject
Global
	GlobalSection(SolutionConfigurationPlatforms) = preSolution
		Debug|Any CPU = Debug|Any CPU
		Release|Any CPU = Release|Any CPU
	EndGlobalSection
	GlobalSection(ProjectConfigurationPlatforms) = postSolution
		{062B5723-4AB5-4261-A262-DB40476883FF}.Debug|Any CPU.ActiveCfg = Debug|Any CPU
		{062B5723-4AB5-4261-A262-DB40476883FF}.Debug|Any CPU.Build.0 = Debug|Any CPU
		{062B5723-4AB5-4261-A262-DB40476883FF}.Release|Any CPU.ActiveCfg = Release|Any CPU
		{062B5723-4AB5-4261-A262-DB40476883FF}.Release|Any CPU.Build.0 = Release|Any CPU
		{FBAEAE58-DA4B-44D3-85C8-896ED71B3603}.Debug|Any CPU.ActiveCfg = Debug|Any CPU
		{FBAEAE58-DA4B-44D3-85C8-896ED71B3603}.Debug|Any CPU.Build.0 = Debug|Any CPU
		{FBAEAE58-DA4B-44D3-85C8-896ED71B3603}.Release|Any CPU.ActiveCfg = Release|Any CPU
		{FBAEAE58-DA4B-44D3-85C8-896ED71B3603}.Release|Any CPU.Build.0 = Release|Any CPU
	EndGlobalSection
	GlobalSection(SolutionProperties) = preSolution
		HideSolutionNode = FALSE
	EndGlobalSection
	GlobalSection(ExtensibilityGlobals) = postSolution
		SolutionGuid = {82087256-2DC7-4C5B-B596-3E1163131C92}
	EndGlobalSection
EndGlobal
